<?xml version="1.0" encoding="utf-8"?>
<Project ToolsVersion="4.0" xmlns="http://schemas.microsoft.com/developer/msbuild/2003">
  <ItemGroup>
    <Filter Include="Source Files">
      <UniqueIdentifier>{4FC737F1-C7A5-4376-A066-2A32D752A2FF}</UniqueIdentifier>
      <Extensions>cpp;c;cc;cxx;def;odl;idl;hpj;bat;asm;asmx</Extensions>
    </Filter>
    <Filter Include="Header Files">
      <UniqueIdentifier>{93995380-89BD-4b04-88EB-625FBE52EBFB}</UniqueIdentifier>
      <Extensions>h;hh;hpp;hxx;hm;inl;inc;xsd</Extensions>
    </Filter>
    <Filter Include="Resource Files">
      <UniqueIdentifier>{67DA6AB6-F800-4c08-8B7A-83BB121AAD01}</UniqueIdentifier>
      <Extensions>rc;ico;cur;bmp;dlg;rc2;rct;bin;rgs;gif;jpg;jpeg;jpe;resx;tiff;tif;png;wav;mfcribbon-ms</Extensions>
    </Filter>
    <Filter Include="DLLs">
      <UniqueIdentifier>{831ad228-15a2-464c-848d-30fd7ef962fa}</UniqueIdentifier>
      <Extensions>dll</Extensions>
    </Filter>
  </ItemGroup>
  <ItemGroup>
    <ClCompile Include="..\main.cpp">
      <Filter>Source Files</Filter>
    </ClCompile>
    <ClCompile Include="..\assets.cpp">
      <Filter>Source Files</Filter>
    </ClCompile>
    <ClCompile Include="..\gamescreen.cpp">
      <Filter>Source Files</Filter>
    </ClCompile>
    <ClCompile Include="..\player.cpp">
      <Filter>Source Files</Filter>
    </ClCompile>
    <ClCompile Include="..\shothandler.cpp">
      <Filter>Source Files</Filter>
    </ClCompile>
    <ClCompile Include="..\collision.cpp">
      <Filter>Source Files</Filter>
    </ClCompile>
    <ClCompile Include="..\enemyhandler.cpp">
      <Filter>Source Files</Filter>
    </ClCompile>
    <ClCompile Include="..\level.cpp">
      <Filter>Source Files</Filter>
    </ClCompile>
    <ClCompile Include="..\uihandler.cpp">
      <Filter>Source Files</Filter>
    </ClCompile>
    <ClCompile Include="..\itemhandler.cpp">
      <Filter>Source Files</Filter>
    </ClCompile>
    <ClCompile Include="..\boss.cpp">
      <Filter>Source Files</Filter>
    </ClCompile>
    <ClCompile Include="..\dialoghandler.cpp">
      <Filter>Source Files</Filter>
    </ClCompile>
    <ClCompile Include="..\menuscreen.cpp">
      <Filter>Source Files</Filter>
    </ClCompile>
    <ClCompile Include="..\debug.cpp">
      <Filter>Source Files</Filter>
    </ClCompile>
    <ClCompile Include="..\levelintro.cpp">
      <Filter>Source Files</Filter>
    </ClCompile>
    <ClCompile Include="..\bghandler.cpp">
      <Filter>Source Files</Filter>
    </ClCompile>
    <ClCompile Include="..\warningscreen.cpp">
      <Filter>Source Files</Filter>
    </ClCompile>
    <ClCompile Include="..\storyscreen.cpp">
      <Filter>Source Files</Filter>
    </ClCompile>
    <ClCompile Include="..\inmenu.cpp">
      <Filter>Source Files</Filter>
    </ClCompile>
  </ItemGroup>
  <ItemGroup>
    <ClInclude Include="resource.h">
      <Filter>Header Files</Filter>
    </ClInclude>
    <ClInclude Include="..\gamescreen.h">
      <Filter>Header Files</Filter>
    </ClInclude>
    <ClInclude Include="..\player.h">
      <Filter>Header Files</Filter>
    </ClInclude>
    <ClInclude Include="..\shothandler.h">
      <Filter>Header Files</Filter>
    </ClInclude>
    <ClInclude Include="..\collision.h">
      <Filter>Header Files</Filter>
    </ClInclude>
    <ClInclude Include="..\enemyhandler.h">
      <Filter>Header Files</Filter>
    </ClInclude>
    <ClInclude Include="..\level.h">
      <Filter>Header Files</Filter>
    </ClInclude>
    <ClInclude Include="..\uihandler.h">
      <Filter>Header Files</Filter>
    </ClInclude>
    <ClInclude Include="..\itemhandler.h">
      <Filter>Header Files</Filter>
    </ClInclude>
    <ClInclude Include="..\boss.h">
      <Filter>Header Files</Filter>
    </ClInclude>
    <ClInclude Include="..\dialoghandler.h">
      <Filter>Header Files</Filter>
    </ClInclude>
    <ClInclude Include="..\menuscreen.h">
      <Filter>Header Files</Filter>
    </ClInclude>
    <ClInclude Include="..\debug.h">
      <Filter>Header Files</Filter>
    </ClInclude>
    <ClInclude Include="..\levelintro.h">
      <Filter>Header Files</Filter>
    </ClInclude>
    <ClInclude Include="..\bghandler.h">
      <Filter>Header Files</Filter>
    </ClInclude>
    <ClInclude Include="..\warningscreen.h">
      <Filter>Header Files</Filter>
    </ClInclude>
    <ClInclude Include="..\storyscreen.h">
      <Filter>Header Files</Filter>
    </ClInclude>
    <ClInclude Include="..\inmenu.h">
      <Filter>Header Files</Filter>
    </ClInclude>
  </ItemGroup>
  <ItemGroup>
    <ResourceCompile Include="Yotsubahou.rc">
      <Filter>Resource Files</Filter>
    </ResourceCompile>
  </ItemGroup>
  <ItemGroup>
    <CopyFileToFolders Include="..\..\addons\prism\windows\vs17\DLL\libvorbisfile-3.dll">
      <Filter>DLLs</Filter>
    </CopyFileToFolders>
    <CopyFileToFolders Include="..\..\addons\prism\windows\vs17\DLL\libvorbis-0.dll">
      <Filter>DLLs</Filter>
    </CopyFileToFolders>
    <CopyFileToFolders Include="..\..\addons\prism\windows\vs17\DLL\libogg-0.dll">
      <Filter>DLLs</Filter>
    </CopyFileToFolders>
  </ItemGroup>
</Project>